
Microsoft Visual Studio Solution File, Format Version 12.00
# Visual Studio Version 16
VisualStudioVersion = 16.0.29728.190
MinimumVisualStudioVersion = 10.0.40219.1
Project("{FAE04EC0-301F-11D3-BF4B-00C04F79EFBC}") = "ShopChiypesh", "ShopChiypesh\ShopChiypesh.csproj", "{7E877324-5207-4D5E-BFAF-2B4F46B3DC0E}"
EndProject
Global
	GlobalSection(SolutionConfigurationPlatforms) = preSolution
		Debug|Any CPU = Debug|Any CPU
		Release|Any CPU = Release|Any CPU
	EndGlobalSection
	GlobalSection(ProjectConfigurationPlatforms) = postSolution
		{7E877324-5207-4D5E-BFAF-2B4F46B3DC0E}.Debug|Any CPU.ActiveCfg = Debug|Any CPU
		{7E877324-5207-4D5E-BFAF-2B4F46B3DC0E}.Debug|Any CPU.Build.0 = Debug|Any CPU
		{7E877324-5207-4D5E-BFAF-2B4F46B3DC0E}.Release|Any CPU.ActiveCfg = Release|Any CPU
		{7E877324-5207-4D5E-BFAF-2B4F46B3DC0E}.Release|Any CPU.Build.0 = Release|Any CPU
	EndGlobalSection
	GlobalSection(SolutionProperties) = preSolution
		HideSolutionNode = FALSE
	EndGlobalSection
	GlobalSection(ExtensibilityGlobals) = postSolution
		SolutionGuid = {5F3FB3DC-C187-4DCB-A444-7A63D558E214}
	EndGlobalSection
EndGlobal
